
Microsoft Visual Studio Solution File, Format Version 12.00
# Visual Studio 15
VisualStudioVersion = 15.0.26403.7
MinimumVisualStudioVersion = 10.0.40219.1
Project("{FAE04EC0-301F-11D3-BF4B-00C04F79EFBC}") = "UnicodeTest", "UnicodeTest\UnicodeTest.csproj", "{166C78E2-F966-4DB0-9643-5DB6B1598F92}"
EndProject
Project("{FAE04EC0-301F-11D3-BF4B-00C04F79EFBC}") = "DrawArena", "DrawArena\DrawArena.csproj", "{F20873E6-1DFD-422D-B9BC-1D2AA3955FFB}"
EndProject
Global
	GlobalSection(SolutionConfigurationPlatforms) = preSolution
		Debug|Any CPU = Debug|Any CPU
		Release|Any CPU = Release|Any CPU
	EndGlobalSection
	GlobalSection(ProjectConfigurationPlatforms) = postSolution
		{166C78E2-F966-4DB0-9643-5DB6B1598F92}.Debug|Any CPU.ActiveCfg = Debug|Any CPU
		{166C78E2-F966-4DB0-9643-5DB6B1598F92}.Debug|Any CPU.Build.0 = Debug|Any CPU
		{166C78E2-F966-4DB0-9643-5DB6B1598F92}.Release|Any CPU.ActiveCfg = Release|Any CPU
		{166C78E2-F966-4DB0-9643-5DB6B1598F92}.Release|Any CPU.Build.0 = Release|Any CPU
		{F20873E6-1DFD-422D-B9BC-1D2AA3955FFB}.Debug|Any CPU.ActiveCfg = Debug|Any CPU
		{F20873E6-1DFD-422D-B9BC-1D2AA3955FFB}.Debug|Any CPU.Build.0 = Debug|Any CPU
		{F20873E6-1DFD-422D-B9BC-1D2AA3955FFB}.Release|Any CPU.ActiveCfg = Release|Any CPU
		{F20873E6-1DFD-422D-B9BC-1D2AA3955FFB}.Release|Any CPU.Build.0 = Release|Any CPU
	EndGlobalSection
	GlobalSection(SolutionProperties) = preSolution
		HideSolutionNode = FALSE
	EndGlobalSection
EndGlobal
